<?xml version="1.0" encoding="utf-8"?>
<Project ToolsVersion="4.0" xmlns="http://schemas.microsoft.com/developer/msbuild/2003">
  <ItemGroup>
    <Filter Include="Source Files">
      <UniqueIdentifier>{4FC737F1-C7A5-4376-A066-2A32D752A2FF}</UniqueIdentifier>
      <Extensions>cpp;c;cc;cxx;def;odl;idl;hpj;bat;asm;asmx</Extensions>
    </Filter>
    <Filter Include="Header Files">
      <UniqueIdentifier>{93995380-89BD-4b04-88EB-625FBE52EBFB}</UniqueIdentifier>
      <Extensions>h;hh;hpp;hxx;hm;inl;inc;xsd</Extensions>
    </Filter>
    <Filter Include="Resource Files">
      <UniqueIdentifier>{67DA6AB6-F800-4c08-8B7A-83BB121AAD01}</UniqueIdentifier>
      <Extensions>rc;ico;cur;bmp;dlg;rc2;rct;bin;rgs;gif;jpg;jpeg;jpe;resx;tiff;tif;png;wav;mfcribbon-ms</Extensions>
    </Filter>
  </ItemGroup>
  <ItemGroup>
    <Text Include="ReadMe.txt" />
  </ItemGroup>
  <ItemGroup>
    <ClInclude Include="FFmpegPlayer.h">
      <Filter>Header Files</Filter>
    </ClInclude>
    <ClInclude Include="FFmpegReader.h">
      <Filter>Header Files</Filter>
    </ClInclude>
    <ClInclude Include="FFmpegDecoder.h">
      <Filter>Header Files</Filter>
    </ClInclude>
    <ClInclude Include="FFmpegVideoRender.h">
      <Filter>Header Files</Filter>
    </ClInclude>
    <ClInclude Include="FFmpegAudioSpeaker.h">
      <Filter>Header Files</Filter>
    </ClInclude>
    <ClInclude Include="FFmpegResampler.h">
      <Filter>Header Files</Filter>
    </ClInclude>
    <ClInclude Include="FFmpegSwscaler.h">
      <Filter>Header Files</Filter>
    </ClInclude>
    <ClInclude Include="FFmpegSampleProvider.h">
      <Filter>Header Files</Filter>
    </ClInclude>
    <ClInclude Include="FFmpegAudioDecoder.h">
      <Filter>Header Files</Filter>
    </ClInclude>
    <ClInclude Include="FFmpegVideoDecoder.h">
      <Filter>Header Files</Filter>
    </ClInclude>
    <ClInclude Include="FFmpegAudioSampleProvider.h">
      <Filter>Header Files</Filter>
    </ClInclude>
    <ClInclude Include="FFmpegVideoSampleProvider.h">
      <Filter>Header Files</Filter>
    </ClInclude>
    <ClInclude Include="FFmpegFrameProvider.h">
      <Filter>Header Files</Filter>
    </ClInclude>
    <ClInclude Include="FFmpegAudioFrameProvider.h">
      <Filter>Header Files</Filter>
    </ClInclude>
    <ClInclude Include="FFmpegVideoFrameProvider.h">
      <Filter>Header Files</Filter>
    </ClInclude>
    <ClInclude Include="FFmpegSynchronizer.h">
      <Filter>Header Files</Filter>
    </ClInclude>
    <ClInclude Include="FFmpegDemuter.h">
      <Filter>Header Files</Filter>
    </ClInclude>
  </ItemGroup>
  <ItemGroup>
    <ClCompile Include="FFmpegPlayer.cpp">
      <Filter>Source Files</Filter>
    </ClCompile>
    <ClCompile Include="FFmpegReader.cpp">
      <Filter>Source Files</Filter>
    </ClCompile>
    <ClCompile Include="FFmpegDecoder.cpp">
      <Filter>Source Files</Filter>
    </ClCompile>
    <ClCompile Include="FFmpegVideoRender.cpp">
      <Filter>Source Files</Filter>
    </ClCompile>
    <ClCompile Include="FFmpegAudioSpeaker.cpp">
      <Filter>Source Files</Filter>
    </ClCompile>
    <ClCompile Include="FFmpegResampler.cpp">
      <Filter>Source Files</Filter>
    </ClCompile>
    <ClCompile Include="FFmpegSwscaler.cpp">
      <Filter>Source Files</Filter>
    </ClCompile>
    <ClCompile Include="FFmpegSampleProvider.cpp">
      <Filter>Source Files</Filter>
    </ClCompile>
    <ClCompile Include="FFmpegAudioDecoder.cpp">
      <Filter>Source Files</Filter>
    </ClCompile>
    <ClCompile Include="FFmpegVideoDecoder.cpp">
      <Filter>Source Files</Filter>
    </ClCompile>
    <ClCompile Include="FFmpegAudioSampleProvider.cpp">
      <Filter>Source Files</Filter>
    </ClCompile>
    <ClCompile Include="FFmpegVideoSampleProvider.cpp">
      <Filter>Source Files</Filter>
    </ClCompile>
    <ClCompile Include="FFmpegFrameProvider.cpp">
      <Filter>Source Files</Filter>
    </ClCompile>
    <ClCompile Include="FFmpegAudioFrameProvider.cpp">
      <Filter>Source Files</Filter>
    </ClCompile>
    <ClCompile Include="FFmpegVideoFrameProvider.cpp">
      <Filter>Source Files</Filter>
    </ClCompile>
    <ClCompile Include="FFmpegSynchronizer.cpp">
      <Filter>Source Files</Filter>
    </ClCompile>
    <ClCompile Include="FFmpegDemuter.cpp">
      <Filter>Source Files</Filter>
    </ClCompile>
  </ItemGroup>
</Project>